lockfileVersion: 5.4

importers:

  .:
    specifiers:
      '@types/node': ^18.11.18
      turbo: ^1.7.1
      typescript: ^4.9.5
    devDependencies:
      '@types/node': 18.11.18
      turbo: 1.7.1
      typescript: 4.9.5

packages:

  /@types/node/18.11.18:
    resolution: {integrity: sha512-DHQpWGjyQKSHj3ebjFI/wRKcqQcdR+MoFBygntYOZytCqNfkd2ZC4ARDJ2DQqhjH5p85Nnd3jhUJIXrszFX/JA==}
    dev: true

  /turbo-darwin-64/1.7.1:
    resolution: {integrity: sha512-H2txI1gkCQpav+5qGVxB4RzPTTqgDmzbXaJXbjYDR8cS0X/Oq5STea6fRTfumYR2x86Gr3co0V4fQfwILnfvYg==}
    cpu: [x64]
    os: [darwin]
    requiresBuild: true
    dev: true
    optional: true

  /turbo-darwin-arm64/1.7.1:
    resolution: {integrity: sha512-T7yLTMAdnwfaF9H3uBizztLld1aK/gYiNubpl4HCbMsE/aYEbITtNx1dAFQnjRiPHS4dNYK4gIKc9nnAsnfkxg==}
    cpu: [arm64]
    os: [darwin]
    requiresBuild: true
    dev: true
    optional: true

  /turbo-linux-64/1.7.1:
    resolution: {integrity: sha512-kQw+jEpEVUskfPy+7rMF5x6e9Za9AbdD9P7bSo1JuV+tZgUOaFc5iC9Zyj26qhc0Zzl4qZecZ9YccNbZKZ9yCQ==}
    cpu: [x64]
    os: [linux]
    requiresBuild: true
    dev: true
    optional: true

  /turbo-linux-arm64/1.7.1:
    resolution: {integrity: sha512-PLe0XBJ/YEmiQh+jDcmTRZlxVtkY0CerAu/AKE/c9hCnp6shYqG+peyyuCEzIssUCij2A5yhVd7SIOTQGDzFrQ==}
    cpu: [arm64]
    os: [linux]
    requiresBuild: true
    dev: true
    optional: true

  /turbo-windows-64/1.7.1:
    resolution: {integrity: sha512-70ndrkQomG4JlAAaflVL+Io1msItHiZUq/zf88Nk4z30QSqqC0Zl4rOpUPE3v1IYSO48bUabshySZa9/aTPHhw==}
    cpu: [x64]
    os: [win32]
    requiresBuild: true
    dev: true
    optional: true

  /turbo-windows-arm64/1.7.1:
    resolution: {integrity: sha512-344XY2SrugfHtIe06Vbi17yZ4SRkPvWghvO/gUgUkgSZN06oYj0SHN2+z8pnLkBTfgkt2zBm2cqFFpVFwa8F2A==}
    cpu: [arm64]
    os: [win32]
    requiresBuild: true
    dev: true
    optional: true

  /turbo/1.7.1:
    resolution: {integrity: sha512-0ngDU5+2/wLuvTKpc2ZyDtO6aPeHTa6ASlQGySCx+lwSDiE4fCkRVvNINDtT1HgdO/bEo2CQkLoen/Qjf7wWiQ==}
    hasBin: true
    requiresBuild: true
    optionalDependencies:
      turbo-darwin-64: 1.7.1
      turbo-darwin-arm64: 1.7.1
      turbo-linux-64: 1.7.1
      turbo-linux-arm64: 1.7.1
      turbo-windows-64: 1.7.1
      turbo-windows-arm64: 1.7.1
    dev: true

  /typescript/4.9.5:
    resolution: {integrity: sha512-1FXk9E2Hm+QzZQ7z+McJiHL4NW1F2EzMu9Nq9i3zAaGqibafqYwCVU6WyWAuyQRRzOlxou8xZSyXLEN8oKj24g==}
    engines: {node: '>=4.2.0'}
    hasBin: true
    dev: true
